<?xml version="1.0" encoding="utf-8"?>
<Project ToolsVersion="4.0" xmlns="http://schemas.microsoft.com/developer/msbuild/2003">
  <ItemGroup>
    <Filter Include="Source Files">
      <UniqueIdentifier>{4FC737F1-C7A5-4376-A066-2A32D752A2FF}</UniqueIdentifier>
      <Extensions>cpp;c;cc;cxx;def;odl;idl;hpj;bat;asm;asmx</Extensions>
    </Filter>
    <Filter Include="Header Files">
      <UniqueIdentifier>{93995380-89BD-4b04-88EB-625FBE52EBFB}</UniqueIdentifier>
      <Extensions>h;hh;hpp;hxx;hm;inl;inc;xsd</Extensions>
    </Filter>
    <Filter Include="Resource Files">
      <UniqueIdentifier>{67DA6AB6-F800-4c08-8B7A-83BB121AAD01}</UniqueIdentifier>
      <Extensions>rc;ico;cur;bmp;dlg;rc2;rct;bin;rgs;gif;jpg;jpeg;jpe;resx;tiff;tif;png;wav</Extensions>
    </Filter>
    <Filter Include="Header Files\components">
      <UniqueIdentifier>{200a57b4-0dc9-49ca-b1cc-7d103ac82f52}</UniqueIdentifier>
    </Filter>
    <Filter Include="Header Files\ecs">
      <UniqueIdentifier>{0604fb12-70b1-4c79-8364-09ef41e2540c}</UniqueIdentifier>
    </Filter>
    <Filter Include="Header Files\graphics">
      <UniqueIdentifier>{48a066f5-74da-43b9-a4fb-1e5ea0f1ed20}</UniqueIdentifier>
    </Filter>
    <Filter Include="Header Files\ui">
      <UniqueIdentifier>{85533e0d-abec-4455-8e98-266845029c9e}</UniqueIdentifier>
    </Filter>
    <Filter Include="Header Files\utils">
      <UniqueIdentifier>{e2f87ca0-66a6-44d5-9fc8-bd61c70dab7f}</UniqueIdentifier>
    </Filter>
    <Filter Include="Header Files\world">
      <UniqueIdentifier>{9e6d9d79-439c-4a41-8d59-af679595c081}</UniqueIdentifier>
    </Filter>
    <Filter Include="Header Files\systems">
      <UniqueIdentifier>{f4f19c7b-9551-4b1f-ba85-3295699d1697}</UniqueIdentifier>
    </Filter>
    <Filter Include="Header Files\data">
      <UniqueIdentifier>{0a1f11d7-2201-489b-8cda-20262e6c640c}</UniqueIdentifier>
    </Filter>
    <Filter Include="Header Files\spawning">
      <UniqueIdentifier>{071971d6-f930-408a-8c83-21755978c638}</UniqueIdentifier>
    </Filter>
    <Filter Include="Header Files\magic">
      <UniqueIdentifier>{6978e2d3-eac8-4bcd-9247-5a9a30c700e7}</UniqueIdentifier>
    </Filter>
    <Filter Include="Header Files\core">
      <UniqueIdentifier>{76e64330-3fe9-44bd-a3b6-248ac40ec0d0}</UniqueIdentifier>
    </Filter>
    <Filter Include="Header Files\config">
      <UniqueIdentifier>{08f8382b-222c-42ed-a805-4e5b2bf8eadb}</UniqueIdentifier>
    </Filter>
    <Filter Include="Source Files\world">
      <UniqueIdentifier>{a2f961fa-b1e4-45c4-b4d2-667caf5c521e}</UniqueIdentifier>
    </Filter>
    <Filter Include="Source Files\systems">
      <UniqueIdentifier>{9bf57dcb-9409-435e-a4e0-78585877bd3d}</UniqueIdentifier>
    </Filter>
    <Filter Include="Source Files\ecs">
      <UniqueIdentifier>{3c249c19-3ced-47ab-aa7c-80b9dc45b775}</UniqueIdentifier>
    </Filter>
    <Filter Include="Source Files\core">
      <UniqueIdentifier>{81dc8ccd-e600-4580-a30f-876b003cf050}</UniqueIdentifier>
    </Filter>
    <Filter Include="Source Files\ui">
      <UniqueIdentifier>{118b7f4f-373a-41bc-9104-248900a3e37a}</UniqueIdentifier>
    </Filter>
  </ItemGroup>
  <ItemGroup>
    <ClCompile Include="src\world\Map.cpp">
      <Filter>Source Files\world</Filter>
    </ClCompile>
    <ClCompile Include="src\world\MapGenerators.cpp">
      <Filter>Source Files\world</Filter>
    </ClCompile>
    <ClCompile Include="src\systems\MapRenderSystem.cpp">
      <Filter>Source Files\systems</Filter>
    </ClCompile>
    <ClCompile Include="src\systems\SpriteUpdateSystem.cpp">
      <Filter>Source Files\systems</Filter>
    </ClCompile>
    <ClCompile Include="src\ecs\World.cpp">
      <Filter>Source Files\ecs</Filter>
    </ClCompile>
    <ClCompile Include="src\core\Game.cpp">
      <Filter>Source Files\core</Filter>
    </ClCompile>
    <ClCompile Include="src\main.cpp">
      <Filter>Source Files</Filter>
    </ClCompile>
    <ClCompile Include="src\systems\RenderSystem.cpp">
      <Filter>Source Files\systems</Filter>
    </ClCompile>
    <ClCompile Include="src\core\GameBootstrap.cpp">
      <Filter>Source Files\core</Filter>
    </ClCompile>
    <ClCompile Include="src\systems\InputController.cpp">
      <Filter>Source Files\systems</Filter>
    </ClCompile>
    <ClCompile Include="src\ui\HudRenderer.cpp">
      <Filter>Source Files\ui</Filter>
    </ClCompile>
    <ClCompile Include="src\systems\LevelTransitionSystem.cpp">
      <Filter>Source Files\systems</Filter>
    </ClCompile>
  </ItemGroup>
  <ItemGroup>
    <ClInclude Include="src\systems\Camera.h">
      <Filter>Header Files\systems</Filter>
    </ClInclude>
    <ClInclude Include="src\systems\AISystem.h">
      <Filter>Header Files\systems</Filter>
    </ClInclude>
    <ClInclude Include="src\systems\CombatSystem.h">
      <Filter>Header Files\systems</Filter>
    </ClInclude>
    <ClInclude Include="src\systems\DeathSystem.h">
      <Filter>Header Files\systems</Filter>
    </ClInclude>
    <ClInclude Include="src\systems\MapRenderSystem.h">
      <Filter>Header Files\systems</Filter>
    </ClInclude>
    <ClInclude Include="src\systems\RenderSystem.h">
      <Filter>Header Files\systems</Filter>
    </ClInclude>
    <ClInclude Include="src\systems\SpriteUpdateSystem.h">
      <Filter>Header Files\systems</Filter>
    </ClInclude>
    <ClInclude Include="src\systems\TurnManager.h">
      <Filter>Header Files\systems</Filter>
    </ClInclude>
    <ClInclude Include="src\components\Components.h">
      <Filter>Header Files\components</Filter>
    </ClInclude>
    <ClInclude Include="src\ecs\ComponentArray.h">
      <Filter>Header Files\ecs</Filter>
    </ClInclude>
    <ClInclude Include="src\ecs\ComponentManager.h">
      <Filter>Header Files\ecs</Filter>
    </ClInclude>
    <ClInclude Include="src\ecs\Entity.h">
      <Filter>Header Files\ecs</Filter>
    </ClInclude>
    <ClInclude Include="src\ecs\System.h">
      <Filter>Header Files\ecs</Filter>
    </ClInclude>
    <ClInclude Include="src\ecs\World.h">
      <Filter>Header Files\ecs</Filter>
    </ClInclude>
    <ClInclude Include="src\graphics\SpriteConfig.h">
      <Filter>Header Files\graphics</Filter>
    </ClInclude>
    <ClInclude Include="src\graphics\SpriteManager.h">
      <Filter>Header Files\graphics</Filter>
    </ClInclude>
    <ClInclude Include="src\ui\Healthbar.h">
      <Filter>Header Files\ui</Filter>
    </ClInclude>
    <ClInclude Include="src\ui\Messagelog.h">
      <Filter>Header Files\ui</Filter>
    </ClInclude>
    <ClInclude Include="src\ui\Minimap.h">
      <Filter>Header Files\ui</Filter>
    </ClInclude>
    <ClInclude Include="src\ui\UILayout.h">
      <Filter>Header Files\ui</Filter>
    </ClInclude>
    <ClInclude Include="src\utils\Logger.h">
      <Filter>Header Files\utils</Filter>
    </ClInclude>
    <ClInclude Include="src\world\MapGenerators.h">
      <Filter>Header Files\world</Filter>
    </ClInclude>
    <ClInclude Include="src\world\Map.h">
      <Filter>Header Files\world</Filter>
    </ClInclude>
    <ClInclude Include="src\systems\ItemPickupSystem.h">
      <Filter>Header Files\systems</Filter>
    </ClInclude>
    <ClInclude Include="src\data\EnemyData.h">
      <Filter>Header Files\data</Filter>
    </ClInclude>
    <ClInclude Include="src\spawning\EnemySpawner.h">
      <Filter>Header Files\spawning</Filter>
    </ClInclude>
    <ClInclude Include="src\world\TileVisibility.h">
      <Filter>Header Files\world</Filter>
    </ClInclude>
    <ClInclude Include="src\magic\SpellDatabase.h">
      <Filter>Header Files\magic</Filter>
    </ClInclude>
    <ClInclude Include="src\components\MagicComponents.h">
      <Filter>Header Files\components</Filter>
    </ClInclude>
    <ClInclude Include="src\systems\MagicSystem.h">
      <Filter>Header Files\systems</Filter>
    </ClInclude>
    <ClInclude Include="src\systems\ExperienceSystem.h">
      <Filter>Header Files\systems</Filter>
    </ClInclude>
    <ClInclude Include="src\world\DungeonManager.h">
      <Filter>Header Files\world</Filter>
    </ClInclude>
    <ClInclude Include="src\systems\StairSystem.h">
      <Filter>Header Files\systems</Filter>
    </ClInclude>
    <ClInclude Include="src\world\LevelCache.h">
      <Filter>Header Files\world</Filter>
    </ClInclude>
    <ClInclude Include="src\systems\ConsumableSystem.h">
      <Filter>Header Files\systems</Filter>
    </ClInclude>
    <ClInclude Include="src\ui\InventoryUI.h">
      <Filter>Header Files\ui</Filter>
    </ClInclude>
    <ClInclude Include="src\ui\InventoryPanel.h">
      <Filter>Header Files\ui</Filter>
    </ClInclude>
    <ClInclude Include="src\ui\UnifiedHotbar.h">
      <Filter>Header Files\ui</Filter>
    </ClInclude>
    <ClInclude Include="src\components\Equipment.h">
      <Filter>Header Files\components</Filter>
    </ClInclude>
    <ClInclude Include="src\core\GameInitializer.h">
      <Filter>Header Files\core</Filter>
    </ClInclude>
    <ClInclude Include="src\core\ResourceManager.h">
      <Filter>Header Files\core</Filter>
    </ClInclude>
    <ClInclude Include="src\config\GameConfig.h">
      <Filter>Header Files\config</Filter>
    </ClInclude>
    <ClInclude Include="src\core\Game.h">
      <Filter>Header Files\core</Filter>
    </ClInclude>
    <ClInclude Include="src\core\GameBootstrap.h">
      <Filter>Header Files\core</Filter>
    </ClInclude>
    <ClInclude Include="src\systems\InputController.h">
      <Filter>Header Files\systems</Filter>
    </ClInclude>
    <ClInclude Include="src\ui\HudRenderer.h">
      <Filter>Header Files\ui</Filter>
    </ClInclude>
    <ClInclude Include="src\systems\LevelTransitionSystem.h">
      <Filter>Header Files\systems</Filter>
    </ClInclude>
  </ItemGroup>
  <ItemGroup>
    <None Include="ouput\assets\sprites.json">
      <Filter>Resource Files</Filter>
    </None>
    <None Include="ouput\assets\enemies.json">
      <Filter>Resource Files</Filter>
    </None>
    <None Include="ouput\assets\config.json">
      <Filter>Resource Files</Filter>
    </None>
  </ItemGroup>
</Project>